
Microsoft Visual Studio Solution File, Format Version 12.00
Project("{FAE04EC0-301F-11D3-BF4B-00C04F79EFBC}") = "Adapter", "Adapter\Adapter.csproj", "{AA6DE690-B19B-471A-9F84-14F245AFD417}"
EndProject
Project("{2150E333-8FDC-42A3-9474-1A3956D46DE8}") = "Documents", "Documents", "{A96FF2D5-A096-4892-B5AE-EA57395CD740}"
ProjectSection(SolutionItems) = preProject
	C# 디자인 패턴.docx = C# 디자인 패턴.docx
EndProjectSection
EndProject
Global
	GlobalSection(SolutionConfigurationPlatforms) = preSolution
		Debug|Any CPU = Debug|Any CPU
		Release|Any CPU = Release|Any CPU
	EndGlobalSection
	GlobalSection(ProjectConfigurationPlatforms) = postSolution
		{AA6DE690-B19B-471A-9F84-14F245AFD417}.Debug|Any CPU.ActiveCfg = Debug|Any CPU
		{AA6DE690-B19B-471A-9F84-14F245AFD417}.Debug|Any CPU.Build.0 = Debug|Any CPU
		{AA6DE690-B19B-471A-9F84-14F245AFD417}.Release|Any CPU.ActiveCfg = Release|Any CPU
		{AA6DE690-B19B-471A-9F84-14F245AFD417}.Release|Any CPU.Build.0 = Release|Any CPU
	EndGlobalSection
EndGlobal
